
Microsoft Visual Studio Solution File, Format Version 12.00
# Visual Studio Version 17
VisualStudioVersion = 17.3.32825.248
MinimumVisualStudioVersion = 10.0.40219.1
Project("{FAE04EC0-301F-11D3-BF4B-00C04F79EFBC}") = "Wine-Store-API", "Wine-Store-API.csproj", "{469D5E7B-81DB-428B-A08E-8AC1A34CFCF1}"
EndProject
Project("{FAE04EC0-301F-11D3-BF4B-00C04F79EFBC}") = "Wine-Store-DAL", "..\Wine-Store-DAL\Wine-Store-DAL.csproj", "{3CB5D1FC-BDEF-465F-BC22-4DA057AD465F}"
EndProject
Project("{FAE04EC0-301F-11D3-BF4B-00C04F79EFBC}") = "Wine-Store-BLL", "..\Wine-Store-BLL\Wine-Store-BLL.csproj", "{B05D6D8A-BA6D-4F3C-94B1-86B7F17AA2F0}"
EndProject
Global
	GlobalSection(SolutionConfigurationPlatforms) = preSolution
		Debug|Any CPU = Debug|Any CPU
		Release|Any CPU = Release|Any CPU
	EndGlobalSection
	GlobalSection(ProjectConfigurationPlatforms) = postSolution
		{469D5E7B-81DB-428B-A08E-8AC1A34CFCF1}.Debug|Any CPU.ActiveCfg = Debug|Any CPU
		{469D5E7B-81DB-428B-A08E-8AC1A34CFCF1}.Debug|Any CPU.Build.0 = Debug|Any CPU
		{469D5E7B-81DB-428B-A08E-8AC1A34CFCF1}.Release|Any CPU.ActiveCfg = Release|Any CPU
		{469D5E7B-81DB-428B-A08E-8AC1A34CFCF1}.Release|Any CPU.Build.0 = Release|Any CPU
		{3CB5D1FC-BDEF-465F-BC22-4DA057AD465F}.Debug|Any CPU.ActiveCfg = Debug|Any CPU
		{3CB5D1FC-BDEF-465F-BC22-4DA057AD465F}.Debug|Any CPU.Build.0 = Debug|Any CPU
		{3CB5D1FC-BDEF-465F-BC22-4DA057AD465F}.Release|Any CPU.ActiveCfg = Release|Any CPU
		{3CB5D1FC-BDEF-465F-BC22-4DA057AD465F}.Release|Any CPU.Build.0 = Release|Any CPU
		{B05D6D8A-BA6D-4F3C-94B1-86B7F17AA2F0}.Debug|Any CPU.ActiveCfg = Debug|Any CPU
		{B05D6D8A-BA6D-4F3C-94B1-86B7F17AA2F0}.Debug|Any CPU.Build.0 = Debug|Any CPU
		{B05D6D8A-BA6D-4F3C-94B1-86B7F17AA2F0}.Release|Any CPU.ActiveCfg = Release|Any CPU
		{B05D6D8A-BA6D-4F3C-94B1-86B7F17AA2F0}.Release|Any CPU.Build.0 = Release|Any CPU
	EndGlobalSection
	GlobalSection(SolutionProperties) = preSolution
		HideSolutionNode = FALSE
	EndGlobalSection
	GlobalSection(ExtensibilityGlobals) = postSolution
		SolutionGuid = {CC4D1A7D-44F2-436F-A83C-D87EB31D7EDA}
	EndGlobalSection
EndGlobal
