
Microsoft Visual Studio Solution File, Format Version 12.00
# Visual Studio Version 17
VisualStudioVersion = 17.4.33205.214
MinimumVisualStudioVersion = 10.0.40219.1
Project("{FAE04EC0-301F-11D3-BF4B-00C04F79EFBC}") = "RazorPagesMovie", "RazorPagesMovie\RazorPagesMovie.csproj", "{34B81555-BE48-4414-99AB-B4A475E0D41C}"
EndProject
Global
	GlobalSection(SolutionConfigurationPlatforms) = preSolution
		Debug|Any CPU = Debug|Any CPU
		Release|Any CPU = Release|Any CPU
	EndGlobalSection
	GlobalSection(ProjectConfigurationPlatforms) = postSolution
		{34B81555-BE48-4414-99AB-B4A475E0D41C}.Debug|Any CPU.ActiveCfg = Debug|Any CPU
		{34B81555-BE48-4414-99AB-B4A475E0D41C}.Debug|Any CPU.Build.0 = Debug|Any CPU
		{34B81555-BE48-4414-99AB-B4A475E0D41C}.Release|Any CPU.ActiveCfg = Release|Any CPU
		{34B81555-BE48-4414-99AB-B4A475E0D41C}.Release|Any CPU.Build.0 = Release|Any CPU
	EndGlobalSection
	GlobalSection(SolutionProperties) = preSolution
		HideSolutionNode = FALSE
	EndGlobalSection
	GlobalSection(ExtensibilityGlobals) = postSolution
		SolutionGuid = {E5F687B4-5A04-46ED-91A7-893D736FB97E}
	EndGlobalSection
EndGlobal
