
Microsoft Visual Studio Solution File, Format Version 12.00
# Visual Studio Version 17
VisualStudioVersion = 17.4.33205.214
MinimumVisualStudioVersion = 10.0.40219.1
Project("{FAE04EC0-301F-11D3-BF4B-00C04F79EFBC}") = "DapperDemoApi", "DapperDemoApi\DapperDemoApi.csproj", "{98C737BE-3568-48EF-BD23-9C5008A8C5DF}"
EndProject
Project("{FAE04EC0-301F-11D3-BF4B-00C04F79EFBC}") = "DapperDemoData", "DapperDemoData\DapperDemoData.csproj", "{E08361F9-E8AE-4E76-AB4D-95D448D61B82}"
EndProject
Global
	GlobalSection(SolutionConfigurationPlatforms) = preSolution
		Debug|Any CPU = Debug|Any CPU
		Release|Any CPU = Release|Any CPU
	EndGlobalSection
	GlobalSection(ProjectConfigurationPlatforms) = postSolution
		{98C737BE-3568-48EF-BD23-9C5008A8C5DF}.Debug|Any CPU.ActiveCfg = Debug|Any CPU
		{98C737BE-3568-48EF-BD23-9C5008A8C5DF}.Debug|Any CPU.Build.0 = Debug|Any CPU
		{98C737BE-3568-48EF-BD23-9C5008A8C5DF}.Release|Any CPU.ActiveCfg = Release|Any CPU
		{98C737BE-3568-48EF-BD23-9C5008A8C5DF}.Release|Any CPU.Build.0 = Release|Any CPU
		{E08361F9-E8AE-4E76-AB4D-95D448D61B82}.Debug|Any CPU.ActiveCfg = Debug|Any CPU
		{E08361F9-E8AE-4E76-AB4D-95D448D61B82}.Debug|Any CPU.Build.0 = Debug|Any CPU
		{E08361F9-E8AE-4E76-AB4D-95D448D61B82}.Release|Any CPU.ActiveCfg = Release|Any CPU
		{E08361F9-E8AE-4E76-AB4D-95D448D61B82}.Release|Any CPU.Build.0 = Release|Any CPU
	EndGlobalSection
	GlobalSection(SolutionProperties) = preSolution
		HideSolutionNode = FALSE
	EndGlobalSection
	GlobalSection(ExtensibilityGlobals) = postSolution
		SolutionGuid = {A903AF07-AFC3-4601-8BC8-6BB443E73378}
	EndGlobalSection
EndGlobal
