
Microsoft Visual Studio Solution File, Format Version 12.00
# Visual Studio Version 17
VisualStudioVersion = 17.4.33205.214
MinimumVisualStudioVersion = 10.0.40219.1
Project("{9A19103F-16F7-4668-BE54-9A1E7A4F7556}") = "StudentSystem", "StudentSystem\StudentSystem.csproj", "{04320E98-FEFE-4C62-8F83-13EE6AB11257}"
EndProject
Project("{9A19103F-16F7-4668-BE54-9A1E7A4F7556}") = "FootballBetting", "FootballBetting\FootballBetting.csproj", "{26156BA7-C74C-40D2-B208-77241A95488A}"
EndProject
Project("{2150E333-8FDC-42A3-9474-1A3956D46DE8}") = "Students", "Students", "{64C604BF-B040-4D81-AD3E-E63F7DAA9ACA}"
EndProject
Project("{2150E333-8FDC-42A3-9474-1A3956D46DE8}") = "Football", "Football", "{1889AEC8-6172-48B6-9FAA-0B52806213C1}"
EndProject
Project("{FAE04EC0-301F-11D3-BF4B-00C04F79EFBC}") = "FootballBetting.Data", "FootballBetting.Data\FootballBetting.Data.csproj", "{E2B71EDF-B075-48D4-9997-7D1CEB21B552}"
EndProject
Project("{FAE04EC0-301F-11D3-BF4B-00C04F79EFBC}") = "FootballBetting.Data.Models", "FootballBetting.Data.Models\FootballBetting.Data.Models.csproj", "{E17454BE-5145-4431-9549-8EEE54FA827E}"
EndProject
Global
	GlobalSection(SolutionConfigurationPlatforms) = preSolution
		Debug|Any CPU = Debug|Any CPU
		Release|Any CPU = Release|Any CPU
	EndGlobalSection
	GlobalSection(ProjectConfigurationPlatforms) = postSolution
		{04320E98-FEFE-4C62-8F83-13EE6AB11257}.Debug|Any CPU.ActiveCfg = Debug|Any CPU
		{04320E98-FEFE-4C62-8F83-13EE6AB11257}.Debug|Any CPU.Build.0 = Debug|Any CPU
		{04320E98-FEFE-4C62-8F83-13EE6AB11257}.Release|Any CPU.ActiveCfg = Release|Any CPU
		{04320E98-FEFE-4C62-8F83-13EE6AB11257}.Release|Any CPU.Build.0 = Release|Any CPU
		{26156BA7-C74C-40D2-B208-77241A95488A}.Debug|Any CPU.ActiveCfg = Debug|Any CPU
		{26156BA7-C74C-40D2-B208-77241A95488A}.Debug|Any CPU.Build.0 = Debug|Any CPU
		{26156BA7-C74C-40D2-B208-77241A95488A}.Release|Any CPU.ActiveCfg = Release|Any CPU
		{26156BA7-C74C-40D2-B208-77241A95488A}.Release|Any CPU.Build.0 = Release|Any CPU
		{E2B71EDF-B075-48D4-9997-7D1CEB21B552}.Debug|Any CPU.ActiveCfg = Debug|Any CPU
		{E2B71EDF-B075-48D4-9997-7D1CEB21B552}.Debug|Any CPU.Build.0 = Debug|Any CPU
		{E2B71EDF-B075-48D4-9997-7D1CEB21B552}.Release|Any CPU.ActiveCfg = Release|Any CPU
		{E2B71EDF-B075-48D4-9997-7D1CEB21B552}.Release|Any CPU.Build.0 = Release|Any CPU
		{E17454BE-5145-4431-9549-8EEE54FA827E}.Debug|Any CPU.ActiveCfg = Debug|Any CPU
		{E17454BE-5145-4431-9549-8EEE54FA827E}.Debug|Any CPU.Build.0 = Debug|Any CPU
		{E17454BE-5145-4431-9549-8EEE54FA827E}.Release|Any CPU.ActiveCfg = Release|Any CPU
		{E17454BE-5145-4431-9549-8EEE54FA827E}.Release|Any CPU.Build.0 = Release|Any CPU
	EndGlobalSection
	GlobalSection(SolutionProperties) = preSolution
		HideSolutionNode = FALSE
	EndGlobalSection
	GlobalSection(NestedProjects) = preSolution
		{04320E98-FEFE-4C62-8F83-13EE6AB11257} = {64C604BF-B040-4D81-AD3E-E63F7DAA9ACA}
		{26156BA7-C74C-40D2-B208-77241A95488A} = {1889AEC8-6172-48B6-9FAA-0B52806213C1}
		{E2B71EDF-B075-48D4-9997-7D1CEB21B552} = {1889AEC8-6172-48B6-9FAA-0B52806213C1}
		{E17454BE-5145-4431-9549-8EEE54FA827E} = {1889AEC8-6172-48B6-9FAA-0B52806213C1}
	EndGlobalSection
	GlobalSection(ExtensibilityGlobals) = postSolution
		SolutionGuid = {A3FBEF71-6D0E-4A0C-8B12-4A5D11D2D2E2}
	EndGlobalSection
EndGlobal
