
Microsoft Visual Studio Solution File, Format Version 12.00
# Visual Studio Version 17
VisualStudioVersion = 17.3.32825.248
MinimumVisualStudioVersion = 10.0.40219.1
Project("{9A19103F-16F7-4668-BE54-9A1E7A4F7556}") = "Problem_3", "Problem_3\Problem_3.csproj", "{32F07B8A-B683-49CF-8B96-D1AC80C18236}"
EndProject
Project("{9A19103F-16F7-4668-BE54-9A1E7A4F7556}") = "Problem_4", "Problem_4\Problem_4.csproj", "{7503C0D6-1136-43E3-9053-3A16ECC9A25D}"
EndProject
Project("{9A19103F-16F7-4668-BE54-9A1E7A4F7556}") = "Problem_5", "Problem_5\Problem_5.csproj", "{695AA30A-DB5A-4C7B-9FB4-CF2F2BAA91B9}"
EndProject
Project("{9A19103F-16F7-4668-BE54-9A1E7A4F7556}") = "Problem_6", "Problem_6\Problem_6.csproj", "{5944DA5F-4A8D-45DB-99AC-3571906C44FC}"
EndProject
Project("{FAE04EC0-301F-11D3-BF4B-00C04F79EFBC}") = "Problem_8", "Problem_8\Problem_8.csproj", "{C5D4D234-4F4B-4F25-A238-26573A707FC5}"
EndProject
Project("{FAE04EC0-301F-11D3-BF4B-00C04F79EFBC}") = "Problem_9", "Problem_9\Problem_9.csproj", "{F9F9A79C-B934-4ECD-9220-87B2946C00B2}"
EndProject
Project("{FAE04EC0-301F-11D3-BF4B-00C04F79EFBC}") = "Problem_10", "Problem_10\Problem_10.csproj", "{EA73011D-6CA2-4DAD-A17A-8B49646163C3}"
EndProject
Global
	GlobalSection(SolutionConfigurationPlatforms) = preSolution
		Debug|Any CPU = Debug|Any CPU
		Release|Any CPU = Release|Any CPU
	EndGlobalSection
	GlobalSection(ProjectConfigurationPlatforms) = postSolution
		{32F07B8A-B683-49CF-8B96-D1AC80C18236}.Debug|Any CPU.ActiveCfg = Debug|Any CPU
		{32F07B8A-B683-49CF-8B96-D1AC80C18236}.Debug|Any CPU.Build.0 = Debug|Any CPU
		{32F07B8A-B683-49CF-8B96-D1AC80C18236}.Release|Any CPU.ActiveCfg = Release|Any CPU
		{32F07B8A-B683-49CF-8B96-D1AC80C18236}.Release|Any CPU.Build.0 = Release|Any CPU
		{7503C0D6-1136-43E3-9053-3A16ECC9A25D}.Debug|Any CPU.ActiveCfg = Debug|Any CPU
		{7503C0D6-1136-43E3-9053-3A16ECC9A25D}.Debug|Any CPU.Build.0 = Debug|Any CPU
		{7503C0D6-1136-43E3-9053-3A16ECC9A25D}.Release|Any CPU.ActiveCfg = Release|Any CPU
		{7503C0D6-1136-43E3-9053-3A16ECC9A25D}.Release|Any CPU.Build.0 = Release|Any CPU
		{695AA30A-DB5A-4C7B-9FB4-CF2F2BAA91B9}.Debug|Any CPU.ActiveCfg = Debug|Any CPU
		{695AA30A-DB5A-4C7B-9FB4-CF2F2BAA91B9}.Debug|Any CPU.Build.0 = Debug|Any CPU
		{695AA30A-DB5A-4C7B-9FB4-CF2F2BAA91B9}.Release|Any CPU.ActiveCfg = Release|Any CPU
		{695AA30A-DB5A-4C7B-9FB4-CF2F2BAA91B9}.Release|Any CPU.Build.0 = Release|Any CPU
		{5944DA5F-4A8D-45DB-99AC-3571906C44FC}.Debug|Any CPU.ActiveCfg = Debug|Any CPU
		{5944DA5F-4A8D-45DB-99AC-3571906C44FC}.Debug|Any CPU.Build.0 = Debug|Any CPU
		{5944DA5F-4A8D-45DB-99AC-3571906C44FC}.Release|Any CPU.ActiveCfg = Release|Any CPU
		{5944DA5F-4A8D-45DB-99AC-3571906C44FC}.Release|Any CPU.Build.0 = Release|Any CPU
		{C5D4D234-4F4B-4F25-A238-26573A707FC5}.Debug|Any CPU.ActiveCfg = Debug|Any CPU
		{C5D4D234-4F4B-4F25-A238-26573A707FC5}.Debug|Any CPU.Build.0 = Debug|Any CPU
		{C5D4D234-4F4B-4F25-A238-26573A707FC5}.Release|Any CPU.ActiveCfg = Release|Any CPU
		{C5D4D234-4F4B-4F25-A238-26573A707FC5}.Release|Any CPU.Build.0 = Release|Any CPU
		{F9F9A79C-B934-4ECD-9220-87B2946C00B2}.Debug|Any CPU.ActiveCfg = Debug|Any CPU
		{F9F9A79C-B934-4ECD-9220-87B2946C00B2}.Debug|Any CPU.Build.0 = Debug|Any CPU
		{F9F9A79C-B934-4ECD-9220-87B2946C00B2}.Release|Any CPU.ActiveCfg = Release|Any CPU
		{F9F9A79C-B934-4ECD-9220-87B2946C00B2}.Release|Any CPU.Build.0 = Release|Any CPU
		{EA73011D-6CA2-4DAD-A17A-8B49646163C3}.Debug|Any CPU.ActiveCfg = Debug|Any CPU
		{EA73011D-6CA2-4DAD-A17A-8B49646163C3}.Debug|Any CPU.Build.0 = Debug|Any CPU
		{EA73011D-6CA2-4DAD-A17A-8B49646163C3}.Release|Any CPU.ActiveCfg = Release|Any CPU
		{EA73011D-6CA2-4DAD-A17A-8B49646163C3}.Release|Any CPU.Build.0 = Release|Any CPU
	EndGlobalSection
	GlobalSection(SolutionProperties) = preSolution
		HideSolutionNode = FALSE
	EndGlobalSection
	GlobalSection(ExtensibilityGlobals) = postSolution
		SolutionGuid = {5FB7CA16-FC34-4309-8EAB-84C80D3465AF}
	EndGlobalSection
EndGlobal
