
Microsoft Visual Studio Solution File, Format Version 12.00
# Visual Studio Version 17
VisualStudioVersion = 17.4.33205.214
MinimumVisualStudioVersion = 10.0.40219.1
Project("{FAE04EC0-301F-11D3-BF4B-00C04F79EFBC}") = "TodoAPI", "TodoAPI\TodoAPI.csproj", "{66113136-C413-4959-A407-2DF08CDD64AB}"
EndProject
Global
	GlobalSection(SolutionConfigurationPlatforms) = preSolution
		Debug|Any CPU = Debug|Any CPU
		Release|Any CPU = Release|Any CPU
	EndGlobalSection
	GlobalSection(ProjectConfigurationPlatforms) = postSolution
		{66113136-C413-4959-A407-2DF08CDD64AB}.Debug|Any CPU.ActiveCfg = Debug|Any CPU
		{66113136-C413-4959-A407-2DF08CDD64AB}.Debug|Any CPU.Build.0 = Debug|Any CPU
		{66113136-C413-4959-A407-2DF08CDD64AB}.Release|Any CPU.ActiveCfg = Release|Any CPU
		{66113136-C413-4959-A407-2DF08CDD64AB}.Release|Any CPU.Build.0 = Release|Any CPU
	EndGlobalSection
	GlobalSection(SolutionProperties) = preSolution
		HideSolutionNode = FALSE
	EndGlobalSection
	GlobalSection(ExtensibilityGlobals) = postSolution
		SolutionGuid = {27FDA60B-4869-4CF5-B811-9185661E3C62}
	EndGlobalSection
EndGlobal
